// !$*UTF8*$!
{
	archiveVersion = 1;
	classes = {
	};
	objectVersion = 56;
	objects = {

/* Begin PBXBuildFile section */
		DA88FBB62A91ACBE00167627 /* AppDelegate.swift in Sources */ = {isa = PBXBuildFile; fileRef = DA88FBB52A91ACBE00167627 /* AppDelegate.swift */; };
		DA88FBB82A91ACBE00167627 /* SceneDelegate.swift in Sources */ = {isa = PBXBuildFile; fileRef = DA88FBB72A91ACBE00167627 /* SceneDelegate.swift */; };
		DA88FBBA2A91ACBE00167627 /* ViewController.swift in Sources */ = {isa = PBXBuildFile; fileRef = DA88FBB92A91ACBE00167627 /* ViewController.swift */; };
		DA88FBBD2A91ACBE00167627 /* Main.storyboard in Resources */ = {isa = PBXBuildFile; fileRef = DA88FBBB2A91ACBE00167627 /* Main.storyboard */; };
		DA88FBBF2A91ACC500167627 /* Assets.xcassets in Resources */ = {isa = PBXBuildFile; fileRef = DA88FBBE2A91ACC500167627 /* Assets.xcassets */; };
		DA88FBC22A91ACC500167627 /* LaunchScreen.storyboard in Resources */ = {isa = PBXBuildFile; fileRef = DA88FBC02A91ACC500167627 /* LaunchScreen.storyboard */; };
		DA88FBCA2A93AB7F00167627 /* CustomCell.swift in Sources */ = {isa = PBXBuildFile; fileRef = DA88FBC92A93AB7F00167627 /* CustomCell.swift */; };
		DA88FBCC2A93B7E000167627 /* TableViewDataSource.swift in Sources */ = {isa = PBXBuildFile; fileRef = DA88FBCB2A93B7DF00167627 /* TableViewDataSource.swift */; };
		DA88FBCE2A93BA0900167627 /* TableViewDelegate.swift in Sources */ = {isa = PBXBuildFile; fileRef = DA88FBCD2A93BA0900167627 /* TableViewDelegate.swift */; };
/* End PBXBuildFile section */

/* Begin PBXFileReference section */
		DA88FBB22A91ACBE00167627 /* UiTableView.app */ = {isa = PBXFileReference; explicitFileType = wrapper.application; includeInIndex = 0; path = UiTableView.app; sourceTree = BUILT_PRODUCTS_DIR; };
		DA88FBB52A91ACBE00167627 /* AppDelegate.swift */ = {isa = PBXFileReference; lastKnownFileType = sourcecode.swift; path = AppDelegate.swift; sourceTree = "<group>"; };
		DA88FBB72A91ACBE00167627 /* SceneDelegate.swift */ = {isa = PBXFileReference; lastKnownFileType = sourcecode.swift; path = SceneDelegate.swift; sourceTree = "<group>"; };
		DA88FBB92A91ACBE00167627 /* ViewController.swift */ = {isa = PBXFileReference; lastKnownFileType = sourcecode.swift; path = ViewController.swift; sourceTree = "<group>"; };
		DA88FBBC2A91ACBE00167627 /* Base */ = {isa = PBXFileReference; lastKnownFileType = file.storyboard; name = Base; path = Base.lproj/Main.storyboard; sourceTree = "<group>"; };
		DA88FBBE2A91ACC500167627 /* Assets.xcassets */ = {isa = PBXFileReference; lastKnownFileType = folder.assetcatalog; path = Assets.xcassets; sourceTree = "<group>"; };
		DA88FBC12A91ACC500167627 /* Base */ = {isa = PBXFileReference; lastKnownFileType = file.storyboard; name = Base; path = Base.lproj/LaunchScreen.storyboard; sourceTree = "<group>"; };
		DA88FBC32A91ACC500167627 /* Info.plist */ = {isa = PBXFileReference; lastKnownFileType = text.plist.xml; path = Info.plist; sourceTree = "<group>"; };
		DA88FBC92A93AB7F00167627 /* CustomCell.swift */ = {isa = PBXFileReference; lastKnownFileType = sourcecode.swift; path = CustomCell.swift; sourceTree = "<group>"; };
		DA88FBCB2A93B7DF00167627 /* TableViewDataSource.swift */ = {isa = PBXFileReference; lastKnownFileType = sourcecode.swift; path = TableViewDataSource.swift; sourceTree = "<group>"; };
		DA88FBCD2A93BA0900167627 /* TableViewDelegate.swift */ = {isa = PBXFileReference; lastKnownFileType = sourcecode.swift; path = TableViewDelegate.swift; sourceTree = "<group>"; };
/* End PBXFileReference section */

/* Begin PBXFrameworksBuildPhase section */
		DA88FBAF2A91ACBE00167627 /* Frameworks */ = {
			isa = PBXFrameworksBuildPhase;
			buildActionMask = 2147483647;
			files = (
			);
			runOnlyForDeploymentPostprocessing = 0;
		};
/* End PBXFrameworksBuildPhase section */

/* Begin PBXGroup section */
		DA88FBA92A91ACBD00167627 = {
			isa = PBXGroup;
			children = (
				DA88FBB42A91ACBE00167627 /* UiTableView */,
				DA88FBB32A91ACBE00167627 /* Products */,
			);
			sourceTree = "<group>";
		};
		DA88FBB32A91ACBE00167627 /* Products */ = {
			isa = PBXGroup;
			children = (
				DA88FBB22A91ACBE00167627 /* UiTableView.app */,
			);
			name = Products;
			sourceTree = "<group>";
		};
		DA88FBB42A91ACBE00167627 /* UiTableView */ = {
			isa = PBXGroup;
			children = (
				DA88FBB52A91ACBE00167627 /* AppDelegate.swift */,
				DA88FBB72A91ACBE00167627 /* SceneDelegate.swift */,
				DA88FBB92A91ACBE00167627 /* ViewController.swift */,
				DA88FBCB2A93B7DF00167627 /* TableViewDataSource.swift */,
				DA88FBCD2A93BA0900167627 /* TableViewDelegate.swift */,
				DA88FBC92A93AB7F00167627 /* CustomCell.swift */,
				DA88FBBB2A91ACBE00167627 /* Main.storyboard */,
				DA88FBBE2A91ACC500167627 /* Assets.xcassets */,
				DA88FBC02A91ACC500167627 /* LaunchScreen.storyboard */,
				DA88FBC32A91ACC500167627 /* Info.plist */,
			);
			path = UiTableView;
			sourceTree = "<group>";
		};
/* End PBXGroup section */

/* Begin PBXNativeTarget section */
		DA88FBB12A91ACBE00167627 /* UiTableView */ = {
			isa = PBXNativeTarget;
			buildConfigurationList = DA88FBC62A91ACC500167627 /* Build configuration list for PBXNativeTarget "UiTableView" */;
			buildPhases = (
				DA88FBAE2A91ACBE00167627 /* Sources */,
				DA88FBAF2A91ACBE00167627 /* Frameworks */,
				DA88FBB02A91ACBE00167627 /* Resources */,
			);
			buildRules = (
			);
			dependencies = (
			);
			name = UiTableView;
			productName = UiTableView;
			productReference = DA88FBB22A91ACBE00167627 /* UiTableView.app */;
			productType = "com.apple.product-type.application";
		};
/* End PBXNativeTarget section */

/* Begin PBXProject section */
		DA88FBAA2A91ACBE00167627 /* Project object */ = {
			isa = PBXProject;
			attributes = {
				BuildIndependentTargetsInParallel = 1;
				LastSwiftUpdateCheck = 1430;
				LastUpgradeCheck = 1430;
				TargetAttributes = {
					DA88FBB12A91ACBE00167627 = {
						CreatedOnToolsVersion = 14.3.1;
					};
				};
			};
			buildConfigurationList = DA88FBAD2A91ACBE00167627 /* Build configuration list for PBXProject "UiTableView" */;
			compatibilityVersion = "Xcode 14.0";
			developmentRegion = en;
			hasScannedForEncodings = 0;
			knownRegions = (
				en,
				Base,
			);
			mainGroup = DA88FBA92A91ACBD00167627;
			productRefGroup = DA88FBB32A91ACBE00167627 /* Products */;
			projectDirPath = "";
			projectRoot = "";
			targets = (
				DA88FBB12A91ACBE00167627 /* UiTableView */,
			);
		};
/* End PBXProject section */

/* Begin PBXResourcesBuildPhase section */
		DA88FBB02A91ACBE00167627 /* Resources */ = {
			isa = PBXResourcesBuildPhase;
			buildActionMask = 2147483647;
			files = (
				DA88FBC22A91ACC500167627 /* LaunchScreen.storyboard in Resources */,
				DA88FBBF2A91ACC500167627 /* Assets.xcassets in Resources */,
				DA88FBBD2A91ACBE00167627 /* Main.storyboard in Resources */,
			);
			runOnlyForDeploymentPostprocessing = 0;
		};
/* End PBXResourcesBuildPhase section */

/* Begin PBXSourcesBuildPhase section */
		DA88FBAE2A91ACBE00167627 /* Sources */ = {
			isa = PBXSourcesBuildPhase;
			buildActionMask = 2147483647;
			files = (
				DA88FBBA2A91ACBE00167627 /* ViewController.swift in Sources */,
				DA88FBCC2A93B7E000167627 /* TableViewDataSource.swift in Sources */,
				DA88FBB62A91ACBE00167627 /* AppDelegate.swift in Sources */,
				DA88FBCA2A93AB7F00167627 /* CustomCell.swift in Sources */,
				DA88FBCE2A93BA0900167627 /* TableViewDelegate.swift in Sources */,
				DA88FBB82A91ACBE00167627 /* SceneDelegate.swift in Sources */,
			);
			runOnlyForDeploymentPostprocessing = 0;
		};
/* End PBXSourcesBuildPhase section */

/* Begin PBXVariantGroup section */
		DA88FBBB2A91ACBE00167627 /* Main.storyboard */ = {
			isa = PBXVariantGroup;
			children = (
				DA88FBBC2A91ACBE00167627 /* Base */,
			);
			name = Main.storyboard;
			sourceTree = "<group>";
		};
		DA88FBC02A91ACC500167627 /* LaunchScreen.storyboard */ = {
			isa = PBXVariantGroup;
			children = (
				DA88FBC12A91ACC500167627 /* Base */,
			);
			name = LaunchScreen.storyboard;
			sourceTree = "<group>";
		};
/* End PBXVariantGroup section */

/* Begin XCBuildConfiguration section */
		DA88FBC42A91ACC500167627 /* Debug */ = {
			isa = XCBuildConfiguration;
			buildSettings = {
				ALWAYS_SEARCH_USER_PATHS = NO;
				CLANG_ANALYZER_NONNULL = YES;
				CLANG_ANALYZER_NUMBER_OBJECT_CONVERSION = YES_AGGRESSIVE;
				CLANG_CXX_LANGUAGE_STANDARD = "gnu++20";
				CLANG_ENABLE_MODULES = YES;
				CLANG_ENABLE_OBJC_ARC = YES;
				CLANG_ENABLE_OBJC_WEAK = YES;
				CLANG_WARN_BLOCK_CAPTURE_AUTORELEASING = YES;
				CLANG_WARN_BOOL_CONVERSION = YES;
				CLANG_WARN_COMMA = YES;
				CLANG_WARN_CONSTANT_CONVERSION = YES;
				CLANG_WARN_DEPRECATED_OBJC_IMPLEMENTATIONS = YES;
				CLANG_WARN_DIRECT_OBJC_ISA_USAGE = YES_ERROR;
				CLANG_WARN_DOCUMENTATION_COMMENTS = YES;
				CLANG_WARN_EMPTY_BODY = YES;
				CLANG_WARN_ENUM_CONVERSION = YES;
				CLANG_WARN_INFINITE_RECURSION = YES;
				CLANG_WARN_INT_CONVERSION = YES;
				CLANG_WARN_NON_LITERAL_NULL_CONVERSION = YES;
				CLANG_WARN_OBJC_IMPLICIT_RETAIN_SELF = YES;
				CLANG_WARN_OBJC_LITERAL_CONVERSION = YES;
				CLANG_WARN_OBJC_ROOT_CLASS = YES_ERROR;
				CLANG_WARN_QUOTED_INCLUDE_IN_FRAMEWORK_HEADER = YES;
				CLANG_WARN_RANGE_LOOP_ANALYSIS = YES;
				CLANG_WARN_STRICT_PROTOTYPES = YES;
				CLANG_WARN_SUSPICIOUS_MOVE = YES;
				CLANG_WARN_UNGUARDED_AVAILABILITY = YES_AGGRESSIVE;
				CLANG_WARN_UNREACHABLE_CODE = YES;
				CLANG_WARN__DUPLICATE_METHOD_MATCH = YES;
				COPY_PHASE_STRIP = NO;
				DEBUG_INFORMATION_FORMAT = dwarf;
				ENABLE_STRICT_OBJC_MSGSEND = YES;
				ENABLE_TESTABILITY = YES;
				GCC_C_LANGUAGE_STANDARD = gnu11;
				GCC_DYNAMIC_NO_PIC = NO;
				GCC_NO_COMMON_BLOCKS = YES;
				GCC_OPTIMIZATION_LEVEL = 0;
				GCC_PREPROCESSOR_DEFINITIONS = (
					"DEBUG=1",
					"$(inherited)",
				);
				GCC_WARN_64_TO_32_BIT_CONVERSION = YES;
				GCC_WARN_ABOUT_RETURN_TYPE = YES_ERROR;
				GCC_WARN_UNDECLARED_SELECTOR = YES;
				GCC_WARN_UNINITIALIZED_AUTOS = YES_AGGRESSIVE;
				GCC_WARN_UNUSED_FUNCTION = YES;
				GCC_WARN_UNUSED_VARIABLE = YES;
				IPHONEOS_DEPLOYMENT_TARGET = 16.4;
				MTL_ENABLE_DEBUG_INFO = INCLUDE_SOURCE;
				MTL_FAST_MATH = YES;
				ONLY_ACTIVE_ARCH = YES;
				SDKROOT = iphoneos;
				SWIFT_ACTIVE_COMPILATION_CONDITIONS = DEBUG;
				SWIFT_OPTIMIZATION_LEVEL = "-Onone";
			};
			name = Debug;
		};
		DA88FBC52A91ACC500167627 /* Release */ = {
			isa = XCBuildConfiguration;
			buildSettings = {
				ALWAYS_SEARCH_USER_PATHS = NO;
				CLANG_ANALYZER_NONNULL = YES;
				CLANG_ANALYZER_NUMBER_OBJECT_CONVERSION = YES_AGGRESSIVE;
				CLANG_CXX_LANGUAGE_STANDARD = "gnu++20";
				CLANG_ENABLE_MODULES = YES;
				CLANG_ENABLE_OBJC_ARC = YES;
				CLANG_ENABLE_OBJC_WEAK = YES;
				CLANG_WARN_BLOCK_CAPTURE_AUTORELEASING = YES;
				CLANG_WARN_BOOL_CONVERSION = YES;
				CLANG_WARN_COMMA = YES;
				CLANG_WARN_CONSTANT_CONVERSION = YES;
				CLANG_WARN_DEPRECATED_OBJC_IMPLEMENTATIONS = YES;
				CLANG_WARN_DIRECT_OBJC_ISA_USAGE = YES_ERROR;
				CLANG_WARN_DOCUMENTATION_COMMENTS = YES;
				CLANG_WARN_EMPTY_BODY = YES;
				CLANG_WARN_ENUM_CONVERSION = YES;
				CLANG_WARN_INFINITE_RECURSION = YES;
				CLANG_WARN_INT_CONVERSION = YES;
				CLANG_WARN_NON_LITERAL_NULL_CONVERSION = YES;
				CLANG_WARN_OBJC_IMPLICIT_RETAIN_SELF = YES;
				CLANG_WARN_OBJC_LITERAL_CONVERSION = YES;
				CLANG_WARN_OBJC_ROOT_CLASS = YES_ERROR;
				CLANG_WARN_QUOTED_INCLUDE_IN_FRAMEWORK_HEADER = YES;
				CLANG_WARN_RANGE_LOOP_ANALYSIS = YES;
				CLANG_WARN_STRICT_PROTOTYPES = YES;
				CLANG_WARN_SUSPICIOUS_MOVE = YES;
				CLANG_WARN_UNGUARDED_AVAILABILITY = YES_AGGRESSIVE;
				CLANG_WARN_UNREACHABLE_CODE = YES;
				CLANG_WARN__DUPLICATE_METHOD_MATCH = YES;
				COPY_PHASE_STRIP = NO;
				DEBUG_INFORMATION_FORMAT = "dwarf-with-dsym";
				ENABLE_NS_ASSERTIONS = NO;
				ENABLE_STRICT_OBJC_MSGSEND = YES;
				GCC_C_LANGUAGE_STANDARD = gnu11;
				GCC_NO_COMMON_BLOCKS = YES;
				GCC_WARN_64_TO_32_BIT_CONVERSION = YES;
				GCC_WARN_ABOUT_RETURN_TYPE = YES_ERROR;
				GCC_WARN_UNDECLARED_SELECTOR = YES;
				GCC_WARN_UNINITIALIZED_AUTOS = YES_AGGRESSIVE;
				GCC_WARN_UNUSED_FUNCTION = YES;
				GCC_WARN_UNUSED_VARIABLE = YES;
				IPHONEOS_DEPLOYMENT_TARGET = 16.4;
				MTL_ENABLE_DEBUG_INFO = NO;
				MTL_FAST_MATH = YES;
				SDKROOT = iphoneos;
				SWIFT_COMPILATION_MODE = wholemodule;
				SWIFT_OPTIMIZATION_LEVEL = "-O";
				VALIDATE_PRODUCT = YES;
			};
			name = Release;
		};
		DA88FBC72A91ACC500167627 /* Debug */ = {
			isa = XCBuildConfiguration;
			buildSettings = {
				ASSETCATALOG_COMPILER_APPICON_NAME = AppIcon;
				ASSETCATALOG_COMPILER_GLOBAL_ACCENT_COLOR_NAME = AccentColor;
				CODE_SIGN_STYLE = Automatic;
				CURRENT_PROJECT_VERSION = 1;
				DEVELOPMENT_TEAM = UTP8NGHPCW;
				GENERATE_INFOPLIST_FILE = YES;
				INFOPLIST_FILE = UiTableView/Info.plist;
				INFOPLIST_KEY_UIApplicationSupportsIndirectInputEvents = YES;
				INFOPLIST_KEY_UILaunchStoryboardName = LaunchScreen;
				INFOPLIST_KEY_UIMainStoryboardFile = Main;
				INFOPLIST_KEY_UISupportedInterfaceOrientations_iPad = "UIInterfaceOrientationPortrait UIInterfaceOrientationPortraitUpsideDown UIInterfaceOrientationLandscapeLeft UIInterfaceOrientationLandscapeRight";
				INFOPLIST_KEY_UISupportedInterfaceOrientations_iPhone = "UIInterfaceOrientationPortrait UIInterfaceOrientationLandscapeLeft UIInterfaceOrientationLandscapeRight";
				LD_RUNPATH_SEARCH_PATHS = (
					"$(inherited)",
					"@executable_path/Frameworks",
				);
				MARKETING_VERSION = 1.0;
				PRODUCT_BUNDLE_IDENTIFIER = com.diazldev.UiTableView;
				PRODUCT_NAME = "$(TARGET_NAME)";
				SWIFT_EMIT_LOC_STRINGS = YES;
				SWIFT_VERSION = 5.0;
				TARGETED_DEVICE_FAMILY = "1,2";
			};
			name = Debug;
		};
		DA88FBC82A91ACC500167627 /* Release */ = {
			isa = XCBuildConfiguration;
			buildSettings = {
				ASSETCATALOG_COMPILER_APPICON_NAME = AppIcon;
				ASSETCATALOG_COMPILER_GLOBAL_ACCENT_COLOR_NAME = AccentColor;
				CODE_SIGN_STYLE = Automatic;
				CURRENT_PROJECT_VERSION = 1;
				DEVELOPMENT_TEAM = UTP8NGHPCW;
				GENERATE_INFOPLIST_FILE = YES;
				INFOPLIST_FILE = UiTableView/Info.plist;
				INFOPLIST_KEY_UIApplicationSupportsIndirectInputEvents = YES;
				INFOPLIST_KEY_UILaunchStoryboardName = LaunchScreen;
				INFOPLIST_KEY_UIMainStoryboardFile = Main;
				INFOPLIST_KEY_UISupportedInterfaceOrientations_iPad = "UIInterfaceOrientationPortrait UIInterfaceOrientationPortraitUpsideDown UIInterfaceOrientationLandscapeLeft UIInterfaceOrientationLandscapeRight";
				INFOPLIST_KEY_UISupportedInterfaceOrientations_iPhone = "UIInterfaceOrientationPortrait UIInterfaceOrientationLandscapeLeft UIInterfaceOrientationLandscapeRight";
				LD_RUNPATH_SEARCH_PATHS = (
					"$(inherited)",
					"@executable_path/Frameworks",
				);
				MARKETING_VERSION = 1.0;
				PRODUCT_BUNDLE_IDENTIFIER = com.diazldev.UiTableView;
				PRODUCT_NAME = "$(TARGET_NAME)";
				SWIFT_EMIT_LOC_STRINGS = YES;
				SWIFT_VERSION = 5.0;
				TARGETED_DEVICE_FAMILY = "1,2";
			};
			name = Release;
		};
/* End XCBuildConfiguration section */

/* Begin XCConfigurationList section */
		DA88FBAD2A91ACBE00167627 /* Build configuration list for PBXProject "UiTableView" */ = {
			isa = XCConfigurationList;
			buildConfigurations = (
				DA88FBC42A91ACC500167627 /* Debug */,
				DA88FBC52A91ACC500167627 /* Release */,
			);
			defaultConfigurationIsVisible = 0;
			defaultConfigurationName = Release;
		};
		DA88FBC62A91ACC500167627 /* Build configuration list for PBXNativeTarget "UiTableView" */ = {
			isa = XCConfigurationList;
			buildConfigurations = (
				DA88FBC72A91ACC500167627 /* Debug */,
				DA88FBC82A91ACC500167627 /* Release */,
			);
			defaultConfigurationIsVisible = 0;
			defaultConfigurationName = Release;
		};
/* End XCConfigurationList section */
	};
	rootObject = DA88FBAA2A91ACBE00167627 /* Project object */;
}
